<<<<<<< HEAD
hash: abb93b5ca4d83e26854d51f85d7da06a157b2008c0a44a124476f8b292d42692
updated: 2018-08-14T12:12:45.843275-07:00
=======
hash: 5ce735e76783faf4811edff698920a846732a973b67d2e31752048a8e3babcca
updated: 2018-08-14T12:13:57.122181-07:00
>>>>>>> b5201c34e840e2ec911a64aedeb052cd36fcd58a
imports:
- name: github.com/gin-contrib/sse
  version: 22d885f9ecc78bf4ee5d72b937e4bbcdc58e8cae
- name: github.com/gin-gonic/gin
  version: b869fe1415e4b9eb52f247441830d502aece2d4d
  subpackages:
  - binding
  - json
  - render
- name: github.com/golang/protobuf
<<<<<<< HEAD
  version: bbd03ef6da3a115852eaf24c8a1c46aeb39aa175
=======
  version: 748d386b5c1ea99658fd69fe9f03991ce86a90c1
>>>>>>> b5201c34e840e2ec911a64aedeb052cd36fcd58a
  subpackages:
  - proto
- name: github.com/json-iterator/go
  version: 1624edc4454b8682399def8740d46db5e4362ba4
- name: github.com/mattn/go-isatty
<<<<<<< HEAD
  version: 6ca4dbf54d38eea1a992b3c722a76a5d1c4cb25c
=======
  version: fc9e8d8ef48496124e79ae0df75490096eccf6fe
>>>>>>> b5201c34e840e2ec911a64aedeb052cd36fcd58a
- name: github.com/modern-go/concurrent
  version: bacd9c7ef1dd9b15be4a9909b8ac7a4e313eec94
- name: github.com/modern-go/reflect2
  version: 94122c33edd36123c84d5368cfb2b69df93a0ec8
<<<<<<< HEAD
- name: github.com/sirupsen/logrus
  version: 3e01752db0189b9157070a0e1668a620f9a85da2
- name: github.com/ugorji/go
  version: 02537d3a3e32ef636a53519265d211bd208ca488
  subpackages:
  - codec
- name: golang.org/x/crypto
  version: 80db560fac1fb3e6ac81dbc7f8ae4c061f5257bd
  subpackages:
  - ssh/terminal
- name: golang.org/x/sys
  version: 641605214e7dab930817f68e2fef560efbb033e5
  subpackages:
  - unix
  - windows
- name: gopkg.in/go-playground/validator.v8
  version: 5f1438d3fca68893a817e4a66806cea46a9e4ebf
- name: gopkg.in/yaml.v2
  version: 5420a8b6744d3b0345ab293f6fcba19c978f1183
=======
- name: github.com/ugorji/go
  version: 5efa3251c7f7d05e5d9704a69a984ec9f1386a40
  subpackages:
  - codec
- name: golang.org/x/sys
  version: 35ef4487ce0a1ea5d4b616ffe71e34febe723695
  subpackages:
  - unix
- name: gopkg.in/go-playground/validator.v8
  version: 5f57d2222ad794d0dffb07e664ea05e2ee07d60c
- name: gopkg.in/yaml.v2
  version: 25c4ec802a7d637f88d584ab26798e94ad14c13b
>>>>>>> b5201c34e840e2ec911a64aedeb052cd36fcd58a
testImports: []
